
Microsoft Visual Studio Solution File, Format Version 12.00
# Visual Studio 15
VisualStudioVersion = 15.0.27004.2008
MinimumVisualStudioVersion = 10.0.40219.1
Project("{FAE04EC0-301F-11D3-BF4B-00C04F79EFBC}") = "Cs_Tech", "CowsAndBulls\Cs_Tech.csproj", "{CA14ACDB-956A-47C7-8534-D95AA337752B}"
EndProject
Global
	GlobalSection(SolutionConfigurationPlatforms) = preSolution
		Debug|Any CPU = Debug|Any CPU
		Release|Any CPU = Release|Any CPU
	EndGlobalSection
	GlobalSection(ProjectConfigurationPlatforms) = postSolution
		{CA14ACDB-956A-47C7-8534-D95AA337752B}.Debug|Any CPU.ActiveCfg = Release|Any CPU
		{CA14ACDB-956A-47C7-8534-D95AA337752B}.Debug|Any CPU.Build.0 = Release|Any CPU
		{CA14ACDB-956A-47C7-8534-D95AA337752B}.Release|Any CPU.ActiveCfg = Release|Any CPU
		{CA14ACDB-956A-47C7-8534-D95AA337752B}.Release|Any CPU.Build.0 = Release|Any CPU
	EndGlobalSection
	GlobalSection(SolutionProperties) = preSolution
		HideSolutionNode = FALSE
	EndGlobalSection
	GlobalSection(ExtensibilityGlobals) = postSolution
		SolutionGuid = {A7575324-5B00-4C63-97F7-DD6CD5C5D412}
	EndGlobalSection
EndGlobal
